
Microsoft Visual Studio Solution File, Format Version 12.00
# Visual Studio Version 16
VisualStudioVersion = 16.0.30503.244
MinimumVisualStudioVersion = 10.0.40219.1
Project("{FAE04EC0-301F-11D3-BF4B-00C04F79EFBC}") = "LocalizerApp", "LocalizerApp\LocalizerApp.csproj", "{19CFAD41-821B-4DCD-9014-1E275341D958}"
EndProject
Global
	GlobalSection(SolutionConfigurationPlatforms) = preSolution
		Debug|Any CPU = Debug|Any CPU
		Release|Any CPU = Release|Any CPU
	EndGlobalSection
	GlobalSection(ProjectConfigurationPlatforms) = postSolution
		{19CFAD41-821B-4DCD-9014-1E275341D958}.Debug|Any CPU.ActiveCfg = Debug|Any CPU
		{19CFAD41-821B-4DCD-9014-1E275341D958}.Debug|Any CPU.Build.0 = Debug|Any CPU
		{19CFAD41-821B-4DCD-9014-1E275341D958}.Release|Any CPU.ActiveCfg = Release|Any CPU
		{19CFAD41-821B-4DCD-9014-1E275341D958}.Release|Any CPU.Build.0 = Release|Any CPU
	EndGlobalSection
	GlobalSection(SolutionProperties) = preSolution
		HideSolutionNode = FALSE
	EndGlobalSection
	GlobalSection(ExtensibilityGlobals) = postSolution
		SolutionGuid = {DB01E90E-5E9C-4D82-BDF0-3403D59F9D0B}
	EndGlobalSection
EndGlobal
